%{
  "aws_signature": {:hex, :aws_signature, "0.3.2", "adf33bc4af00b2089b7708bf20e3246f09c639a905a619b3689f0a0a22c3ef8f", [:rebar3], [], "hexpm", "b0daf61feb4250a8ab0adea60db3e336af732ff71dd3fb22e45ae3dcbd071e44"},
  "axon": {:hex, :axon, "0.6.1", "1d042fdba1c1b4413a3d65800524feebd1bc8ed218f8cdefe7a97510c3f427f3", [:mix], [{:kino, "~> 0.7", [hex: :kino, repo: "hexpm", optional: true]}, {:kino_vega_lite, "~> 0.1.7", [hex: :kino_vega_lite, repo: "hexpm", optional: true]}, {:nx, "~> 0.6.0 or ~> 0.7.0", [hex: :nx, repo: "hexpm", optional: false]}, {:polaris, "~> 0.1", [hex: :polaris, repo: "hexpm", optional: false]}, {:table_rex, "~> 3.1.1", [hex: :table_rex, repo: "hexpm", optional: true]}], "hexpm", "d6b0ae2f0dd284f6bf702edcab71e790d6c01ca502dd06c4070836554f5a48e1"},
  "castore": {:hex, :castore, "1.0.8", "dedcf20ea746694647f883590b82d9e96014057aff1d44d03ec90f36a5c0dc6e", [:mix], [], "hexpm", "0b2b66d2ee742cb1d9cb8c8be3b43c3a70ee8651f37b75a8b982e036752983f1"},
  "complex": {:hex, :complex, "0.5.0", "af2d2331ff6170b61bb738695e481b27a66780e18763e066ee2cd863d0b1dd92", [:mix], [], "hexpm", "2683bd3c184466cfb94fad74cbfddfaa94b860e27ad4ca1bffe3bff169d91ef1"},
  "explorer": {:hex, :explorer, "0.9.0", "e78a7ca530a588fe90323685da32620b587eff7aacffe06ca8664ece1a5d62de", [:mix], [{:adbc, "~> 0.1", [hex: :adbc, repo: "hexpm", optional: true]}, {:aws_signature, "~> 0.3", [hex: :aws_signature, repo: "hexpm", optional: false]}, {:castore, "~> 1.0", [hex: :castore, repo: "hexpm", optional: true]}, {:flame, "~> 0.3", [hex: :flame, repo: "hexpm", optional: true]}, {:fss, "~> 0.1", [hex: :fss, repo: "hexpm", optional: false]}, {:nx, "~> 0.4", [hex: :nx, repo: "hexpm", optional: true]}, {:rustler, "~> 0.34.0", [hex: :rustler, repo: "hexpm", optional: true]}, {:rustler_precompiled, "~> 0.7", [hex: :rustler_precompiled, repo: "hexpm", optional: false]}, {:table, "~> 0.1.2", [hex: :table, repo: "hexpm", optional: false]}, {:table_rex, "~> 3.1.1 or ~> 4.0.0", [hex: :table_rex, repo: "hexpm", optional: false]}], "hexpm", "53d4f6612188c552a8ba8458586fc80bd2952566edeab8e24de073c47a7655c7"},
  "flow": {:hex, :flow, "1.2.4", "1dd58918287eb286656008777cb32714b5123d3855956f29aa141ebae456922d", [:mix], [{:gen_stage, "~> 1.0", [hex: :gen_stage, repo: "hexpm", optional: false]}], "hexpm", "874adde96368e71870f3510b91e35bc31652291858c86c0e75359cbdd35eb211"},
  "fss": {:hex, :fss, "0.1.1", "9db2344dbbb5d555ce442ac7c2f82dd975b605b50d169314a20f08ed21e08642", [:mix], [], "hexpm", "78ad5955c7919c3764065b21144913df7515d52e228c09427a004afe9c1a16b0"},
  "gen_stage": {:hex, :gen_stage, "1.2.1", "19d8b5e9a5996d813b8245338a28246307fd8b9c99d1237de199d21efc4c76a1", [:mix], [], "hexpm", "83e8be657fa05b992ffa6ac1e3af6d57aa50aace8f691fcf696ff02f8335b001"},
  "nimble_csv": {:hex, :nimble_csv, "1.2.0", "4e26385d260c61eba9d4412c71cea34421f296d5353f914afe3f2e71cce97722", [:mix], [], "hexpm", "d0628117fcc2148178b034044c55359b26966c6eaa8e2ce15777be3bbc91b12a"},
  "nx": {:hex, :nx, "0.7.3", "51ff45d9f9ff58b616f4221fa54ccddda98f30319bb8caaf86695234a469017a", [:mix], [{:complex, "~> 0.5", [hex: :complex, repo: "hexpm", optional: false]}, {:telemetry, "~> 0.4.0 or ~> 1.0", [hex: :telemetry, repo: "hexpm", optional: false]}], "hexpm", "5ff29af84f08db9bda66b8ef7ce92ab583ab4f983629fe00b479f1e5c7c705a6"},
  "polaris": {:hex, :polaris, "0.1.0", "dca61b18e3e801ecdae6ac9f0eca5f19792b44a5cb4b8d63db50fc40fc038d22", [:mix], [{:nx, "~> 0.5", [hex: :nx, repo: "hexpm", optional: false]}], "hexpm", "13ef2b166650e533cb24b10e2f3b8ab4f2f449ba4d63156e8c569527f206e2c2"},
  "rustler_precompiled": {:hex, :rustler_precompiled, "0.7.2", "097f657e401f02e7bc1cab808cfc6abdc1f7b9dc5e5adee46bf2fd8fdcce9ecf", [:mix], [{:castore, "~> 0.1 or ~> 1.0", [hex: :castore, repo: "hexpm", optional: false]}, {:rustler, "~> 0.23", [hex: :rustler, repo: "hexpm", optional: true]}], "hexpm", "7663faaeadc9e93e605164dcf9e69168e35f2f8b7f2b9eb4e400d1a8e0fe2999"},
  "table": {:hex, :table, "0.1.2", "87ad1125f5b70c5dea0307aa633194083eb5182ec537efc94e96af08937e14a8", [:mix], [], "hexpm", "7e99bc7efef806315c7e65640724bf165c3061cdc5d854060f74468367065029"},
  "table_rex": {:hex, :table_rex, "3.1.1", "0c67164d1714b5e806d5067c1e96ff098ba7ae79413cc075973e17c38a587caa", [:mix], [], "hexpm", "678a23aba4d670419c23c17790f9dcd635a4a89022040df7d5d772cb21012490"},
  "telemetry": {:hex, :telemetry, "1.2.1", "68fdfe8d8f05a8428483a97d7aab2f268aaff24b49e0f599faa091f1d4e7f61c", [:rebar3], [], "hexpm", "dad9ce9d8effc621708f99eac538ef1cbe05d6a874dd741de2e689c47feafed5"},
}
